
Microsoft Visual Studio Solution File, Format Version 12.00
# Visual Studio Version 16
VisualStudioVersion = 16.0.34301.259
MinimumVisualStudioVersion = 10.0.40219.1
Project("{FAE04EC0-301F-11D3-BF4B-00C04F79EFBC}") = "ExcelScaleLib", "ExcelScaleLib\ExcelScaleLib.csproj", "{68FAB8B2-DD0D-4A1C-AA1A-E9AE0328DE0F}"
EndProject
Project("{FAE04EC0-301F-11D3-BF4B-00C04F79EFBC}") = "TestForm", "TestForm\TestForm.csproj", "{5F99112F-D3CD-4946-B206-75D123CDB56A}"
EndProject
Global
	GlobalSection(SolutionConfigurationPlatforms) = preSolution
		Debug|Any CPU = Debug|Any CPU
		Release|Any CPU = Release|Any CPU
	EndGlobalSection
	GlobalSection(ProjectConfigurationPlatforms) = postSolution
		{68FAB8B2-DD0D-4A1C-AA1A-E9AE0328DE0F}.Debug|Any CPU.ActiveCfg = Debug|Any CPU
		{68FAB8B2-DD0D-4A1C-AA1A-E9AE0328DE0F}.Debug|Any CPU.Build.0 = Debug|Any CPU
		{68FAB8B2-DD0D-4A1C-AA1A-E9AE0328DE0F}.Release|Any CPU.ActiveCfg = Release|Any CPU
		{68FAB8B2-DD0D-4A1C-AA1A-E9AE0328DE0F}.Release|Any CPU.Build.0 = Release|Any CPU
		{5F99112F-D3CD-4946-B206-75D123CDB56A}.Debug|Any CPU.ActiveCfg = Debug|Any CPU
		{5F99112F-D3CD-4946-B206-75D123CDB56A}.Debug|Any CPU.Build.0 = Debug|Any CPU
		{5F99112F-D3CD-4946-B206-75D123CDB56A}.Release|Any CPU.ActiveCfg = Release|Any CPU
		{5F99112F-D3CD-4946-B206-75D123CDB56A}.Release|Any CPU.Build.0 = Release|Any CPU
	EndGlobalSection
	GlobalSection(SolutionProperties) = preSolution
		HideSolutionNode = FALSE
	EndGlobalSection
	GlobalSection(ExtensibilityGlobals) = postSolution
		SolutionGuid = {1E7A05EE-D43E-4A5F-A541-7557803D6CD3}
	EndGlobalSection
EndGlobal
